
Microsoft Visual Studio Solution File, Format Version 12.00
# Visual Studio Version 16
VisualStudioVersion = 16.0.32929.386
MinimumVisualStudioVersion = 10.0.40219.1
Project("{FAE04EC0-301F-11D3-BF4B-00C04F79EFBC}") = "AggregationKomposition", "AggregationKomposition.csproj", "{EA6DEB93-2D18-4C21-8C00-ABCC24976C20}"
EndProject
Global
	GlobalSection(SolutionConfigurationPlatforms) = preSolution
		Debug|Any CPU = Debug|Any CPU
		Release|Any CPU = Release|Any CPU
	EndGlobalSection
	GlobalSection(ProjectConfigurationPlatforms) = postSolution
		{EA6DEB93-2D18-4C21-8C00-ABCC24976C20}.Debug|Any CPU.ActiveCfg = Debug|Any CPU
		{EA6DEB93-2D18-4C21-8C00-ABCC24976C20}.Debug|Any CPU.Build.0 = Debug|Any CPU
		{EA6DEB93-2D18-4C21-8C00-ABCC24976C20}.Release|Any CPU.ActiveCfg = Release|Any CPU
		{EA6DEB93-2D18-4C21-8C00-ABCC24976C20}.Release|Any CPU.Build.0 = Release|Any CPU
	EndGlobalSection
	GlobalSection(SolutionProperties) = preSolution
		HideSolutionNode = FALSE
	EndGlobalSection
	GlobalSection(ExtensibilityGlobals) = postSolution
		SolutionGuid = {65A5C5C2-FFEF-4904-B156-B6EFE0C8006F}
	EndGlobalSection
EndGlobal
